
Microsoft Visual Studio Solution File, Format Version 12.00
# Visual Studio Version 17
VisualStudioVersion = 17.14.36221.1 d17.14
MinimumVisualStudioVersion = 10.0.40219.1
Project("{FAE04EC0-301F-11D3-BF4B-00C04F79EFBC}") = "Blogy.Entity", "Blogy.Entity\Blogy.Entity.csproj", "{B6EC120A-70CE-47A0-8F3B-1C894DC5C948}"
EndProject
Project("{FAE04EC0-301F-11D3-BF4B-00C04F79EFBC}") = "Blogy.DataAccess", "Blogy.DataAccess\Blogy.DataAccess.csproj", "{C11F6F3F-197E-46EF-8B6F-371587B56F3D}"
EndProject
Project("{FAE04EC0-301F-11D3-BF4B-00C04F79EFBC}") = "Blogy.Business", "Blogy.Business\Blogy.Business.csproj", "{4BAC57BA-BEB7-4924-9F0F-8DBF1545BC83}"
EndProject
Project("{FAE04EC0-301F-11D3-BF4B-00C04F79EFBC}") = "Blogy.WebUI", "Blogy.WebUI\Blogy.WebUI.csproj", "{6CDE9BFA-6F20-444D-9FF8-7614423711A8}"
EndProject
Global
	GlobalSection(SolutionConfigurationPlatforms) = preSolution
		Debug|Any CPU = Debug|Any CPU
		Release|Any CPU = Release|Any CPU
	EndGlobalSection
	GlobalSection(ProjectConfigurationPlatforms) = postSolution
		{B6EC120A-70CE-47A0-8F3B-1C894DC5C948}.Debug|Any CPU.ActiveCfg = Debug|Any CPU
		{B6EC120A-70CE-47A0-8F3B-1C894DC5C948}.Debug|Any CPU.Build.0 = Debug|Any CPU
		{B6EC120A-70CE-47A0-8F3B-1C894DC5C948}.Release|Any CPU.ActiveCfg = Release|Any CPU
		{B6EC120A-70CE-47A0-8F3B-1C894DC5C948}.Release|Any CPU.Build.0 = Release|Any CPU
		{C11F6F3F-197E-46EF-8B6F-371587B56F3D}.Debug|Any CPU.ActiveCfg = Debug|Any CPU
		{C11F6F3F-197E-46EF-8B6F-371587B56F3D}.Debug|Any CPU.Build.0 = Debug|Any CPU
		{C11F6F3F-197E-46EF-8B6F-371587B56F3D}.Release|Any CPU.ActiveCfg = Release|Any CPU
		{C11F6F3F-197E-46EF-8B6F-371587B56F3D}.Release|Any CPU.Build.0 = Release|Any CPU
		{4BAC57BA-BEB7-4924-9F0F-8DBF1545BC83}.Debug|Any CPU.ActiveCfg = Debug|Any CPU
		{4BAC57BA-BEB7-4924-9F0F-8DBF1545BC83}.Debug|Any CPU.Build.0 = Debug|Any CPU
		{4BAC57BA-BEB7-4924-9F0F-8DBF1545BC83}.Release|Any CPU.ActiveCfg = Release|Any CPU
		{4BAC57BA-BEB7-4924-9F0F-8DBF1545BC83}.Release|Any CPU.Build.0 = Release|Any CPU
		{6CDE9BFA-6F20-444D-9FF8-7614423711A8}.Debug|Any CPU.ActiveCfg = Debug|Any CPU
		{6CDE9BFA-6F20-444D-9FF8-7614423711A8}.Debug|Any CPU.Build.0 = Debug|Any CPU
		{6CDE9BFA-6F20-444D-9FF8-7614423711A8}.Release|Any CPU.ActiveCfg = Release|Any CPU
		{6CDE9BFA-6F20-444D-9FF8-7614423711A8}.Release|Any CPU.Build.0 = Release|Any CPU
	EndGlobalSection
	GlobalSection(SolutionProperties) = preSolution
		HideSolutionNode = FALSE
	EndGlobalSection
	GlobalSection(ExtensibilityGlobals) = postSolution
		SolutionGuid = {5058B492-0F24-4E47-B1D4-38FC9BD613E6}
	EndGlobalSection
EndGlobal
